
Microsoft Visual Studio Solution File, Format Version 12.00
# Visual Studio 15
VisualStudioVersion = 15.0.27130.2027
MinimumVisualStudioVersion = 10.0.40219.1
Project("{FAE04EC0-301F-11D3-BF4B-00C04F79EFBC}") = "AngularSample", "AngularSample\AngularSample.csproj", "{EDADD533-BFC5-4B96-A35C-241F1925CCC6}"
EndProject
Global
	GlobalSection(SolutionConfigurationPlatforms) = preSolution
		Debug|Any CPU = Debug|Any CPU
		Release|Any CPU = Release|Any CPU
	EndGlobalSection
	GlobalSection(ProjectConfigurationPlatforms) = postSolution
		{EDADD533-BFC5-4B96-A35C-241F1925CCC6}.Debug|Any CPU.ActiveCfg = Debug|Any CPU
		{EDADD533-BFC5-4B96-A35C-241F1925CCC6}.Debug|Any CPU.Build.0 = Debug|Any CPU
		{EDADD533-BFC5-4B96-A35C-241F1925CCC6}.Release|Any CPU.ActiveCfg = Release|Any CPU
		{EDADD533-BFC5-4B96-A35C-241F1925CCC6}.Release|Any CPU.Build.0 = Release|Any CPU
	EndGlobalSection
	GlobalSection(SolutionProperties) = preSolution
		HideSolutionNode = FALSE
	EndGlobalSection
	GlobalSection(ExtensibilityGlobals) = postSolution
		SolutionGuid = {DF2744F0-29DF-4693-A755-33A44A76B7B1}
	EndGlobalSection
EndGlobal
